
Microsoft Visual Studio Solution File, Format Version 12.00
# Visual Studio 14
VisualStudioVersion = 14.0.24720.0
MinimumVisualStudioVersion = 10.0.40219.1
Project("{FAE04EC0-301F-11D3-BF4B-00C04F79EFBC}") = "DXWebAppAsociacion", "DXWebAppAsociacion\DXWebAppAsociacion.csproj", "{AAD80DBD-1E6E-4F74-9FE2-617590B5D5BD}"
EndProject
Project("{2150E333-8FDC-42A3-9474-1A3956D46DE8}") = "BusinessLogic", "BusinessLogic", "{6BC728F0-1940-4E13-960A-305ABA80FF4A}"
EndProject
Project("{2150E333-8FDC-42A3-9474-1A3956D46DE8}") = "DataAccess", "DataAccess", "{BA004417-0521-4532-BC7F-5AFC0E7C0D7D}"
EndProject
Project("{2150E333-8FDC-42A3-9474-1A3956D46DE8}") = "WebService", "WebService", "{B77C8A11-7913-44AD-834D-5C137013F050}"
EndProject
Project("{2150E333-8FDC-42A3-9474-1A3956D46DE8}") = "Utilities", "Utilities", "{D7434C89-97A0-43DF-9A95-D07A36955EB0}"
EndProject
Project("{2150E333-8FDC-42A3-9474-1A3956D46DE8}") = "BusinessModel", "BusinessModel", "{E7FB03A0-6BE8-449A-A222-AB423EFFD0E1}"
EndProject
Global
	GlobalSection(SolutionConfigurationPlatforms) = preSolution
		Debug|Any CPU = Debug|Any CPU
		Release|Any CPU = Release|Any CPU
	EndGlobalSection
	GlobalSection(ProjectConfigurationPlatforms) = postSolution
		{AAD80DBD-1E6E-4F74-9FE2-617590B5D5BD}.Debug|Any CPU.ActiveCfg = Debug|Any CPU
		{AAD80DBD-1E6E-4F74-9FE2-617590B5D5BD}.Debug|Any CPU.Build.0 = Debug|Any CPU
		{AAD80DBD-1E6E-4F74-9FE2-617590B5D5BD}.Release|Any CPU.ActiveCfg = Release|Any CPU
		{AAD80DBD-1E6E-4F74-9FE2-617590B5D5BD}.Release|Any CPU.Build.0 = Release|Any CPU
	EndGlobalSection
	GlobalSection(SolutionProperties) = preSolution
		HideSolutionNode = FALSE
	EndGlobalSection
EndGlobal
