
Microsoft Visual Studio Solution File, Format Version 12.00
# Visual Studio 14
VisualStudioVersion = 14.0.24720.0
MinimumVisualStudioVersion = 10.0.40219.1
Project("{FAE04EC0-301F-11D3-BF4B-00C04F79EFBC}") = "DXWebAppAsociacion", "DXWebAppAsociacion\DXWebAppAsociacion.csproj", "{AAD80DBD-1E6E-4F74-9FE2-617590B5D5BD}"
EndProject
Project("{2150E333-8FDC-42A3-9474-1A3956D46DE8}") = "BusinessLogic", "BusinessLogic", "{6BC728F0-1940-4E13-960A-305ABA80FF4A}"
EndProject
Project("{2150E333-8FDC-42A3-9474-1A3956D46DE8}") = "DataAccess", "DataAccess", "{BA004417-0521-4532-BC7F-5AFC0E7C0D7D}"
EndProject
Project("{2150E333-8FDC-42A3-9474-1A3956D46DE8}") = "WebService", "WebService", "{B77C8A11-7913-44AD-834D-5C137013F050}"
EndProject
Project("{2150E333-8FDC-42A3-9474-1A3956D46DE8}") = "Utilities", "Utilities", "{D7434C89-97A0-43DF-9A95-D07A36955EB0}"
EndProject
Project("{2150E333-8FDC-42A3-9474-1A3956D46DE8}") = "BusinessModel", "BusinessModel", "{E7FB03A0-6BE8-449A-A222-AB423EFFD0E1}"
EndProject
Project("{2150E333-8FDC-42A3-9474-1A3956D46DE8}") = "UserInterface", "UserInterface", "{70E9D3D6-6E1A-4544-8433-2B9058BE0F5F}"
EndProject
Project("{FAE04EC0-301F-11D3-BF4B-00C04F79EFBC}") = "BusinessLogic", "BusinessLogic\BusinessLogic.csproj", "{C908A200-9AB3-416A-8C81-A093BC4D5800}"
EndProject
Project("{FAE04EC0-301F-11D3-BF4B-00C04F79EFBC}") = "BusinessModel", "BusinessModel\BusinessModel.csproj", "{754E1F70-F158-426D-9B62-FF238D5AD3C5}"
EndProject
Project("{FAE04EC0-301F-11D3-BF4B-00C04F79EFBC}") = "DataAccess_Core", "DataAccess_Core\DataAccess_Core.csproj", "{327A7B9B-AB86-4C8E-AEA5-6EDDBF58F579}"
EndProject
Project("{FAE04EC0-301F-11D3-BF4B-00C04F79EFBC}") = "DataAccess_Source", "DataAccess_Source\DataAccess_Source.csproj", "{55691DB6-F5FC-4527-9E2F-B48F96FADC78}"
EndProject
Project("{FAE04EC0-301F-11D3-BF4B-00C04F79EFBC}") = "Utilities", "Utilities\Utilities.csproj", "{6F08CEBA-470B-4B73-9792-956D17E2B532}"
EndProject
Project("{FAE04EC0-301F-11D3-BF4B-00C04F79EFBC}") = "WebService", "WebService\WebService.csproj", "{B3C56119-C8D1-4F47-BFA0-B2B4C18E16A1}"
EndProject
Global
	GlobalSection(SolutionConfigurationPlatforms) = preSolution
		Debug|Any CPU = Debug|Any CPU
		Release|Any CPU = Release|Any CPU
	EndGlobalSection
	GlobalSection(ProjectConfigurationPlatforms) = postSolution
		{AAD80DBD-1E6E-4F74-9FE2-617590B5D5BD}.Debug|Any CPU.ActiveCfg = Debug|Any CPU
		{AAD80DBD-1E6E-4F74-9FE2-617590B5D5BD}.Debug|Any CPU.Build.0 = Debug|Any CPU
		{AAD80DBD-1E6E-4F74-9FE2-617590B5D5BD}.Release|Any CPU.ActiveCfg = Release|Any CPU
		{AAD80DBD-1E6E-4F74-9FE2-617590B5D5BD}.Release|Any CPU.Build.0 = Release|Any CPU
		{C908A200-9AB3-416A-8C81-A093BC4D5800}.Debug|Any CPU.ActiveCfg = Debug|Any CPU
		{C908A200-9AB3-416A-8C81-A093BC4D5800}.Debug|Any CPU.Build.0 = Debug|Any CPU
		{C908A200-9AB3-416A-8C81-A093BC4D5800}.Release|Any CPU.ActiveCfg = Release|Any CPU
		{C908A200-9AB3-416A-8C81-A093BC4D5800}.Release|Any CPU.Build.0 = Release|Any CPU
		{754E1F70-F158-426D-9B62-FF238D5AD3C5}.Debug|Any CPU.ActiveCfg = Debug|Any CPU
		{754E1F70-F158-426D-9B62-FF238D5AD3C5}.Debug|Any CPU.Build.0 = Debug|Any CPU
		{754E1F70-F158-426D-9B62-FF238D5AD3C5}.Release|Any CPU.ActiveCfg = Release|Any CPU
		{754E1F70-F158-426D-9B62-FF238D5AD3C5}.Release|Any CPU.Build.0 = Release|Any CPU
		{327A7B9B-AB86-4C8E-AEA5-6EDDBF58F579}.Debug|Any CPU.ActiveCfg = Debug|Any CPU
		{327A7B9B-AB86-4C8E-AEA5-6EDDBF58F579}.Debug|Any CPU.Build.0 = Debug|Any CPU
		{327A7B9B-AB86-4C8E-AEA5-6EDDBF58F579}.Release|Any CPU.ActiveCfg = Release|Any CPU
		{327A7B9B-AB86-4C8E-AEA5-6EDDBF58F579}.Release|Any CPU.Build.0 = Release|Any CPU
		{55691DB6-F5FC-4527-9E2F-B48F96FADC78}.Debug|Any CPU.ActiveCfg = Debug|Any CPU
		{55691DB6-F5FC-4527-9E2F-B48F96FADC78}.Debug|Any CPU.Build.0 = Debug|Any CPU
		{55691DB6-F5FC-4527-9E2F-B48F96FADC78}.Release|Any CPU.ActiveCfg = Release|Any CPU
		{55691DB6-F5FC-4527-9E2F-B48F96FADC78}.Release|Any CPU.Build.0 = Release|Any CPU
		{6F08CEBA-470B-4B73-9792-956D17E2B532}.Debug|Any CPU.ActiveCfg = Debug|Any CPU
		{6F08CEBA-470B-4B73-9792-956D17E2B532}.Debug|Any CPU.Build.0 = Debug|Any CPU
		{6F08CEBA-470B-4B73-9792-956D17E2B532}.Release|Any CPU.ActiveCfg = Release|Any CPU
		{6F08CEBA-470B-4B73-9792-956D17E2B532}.Release|Any CPU.Build.0 = Release|Any CPU
		{B3C56119-C8D1-4F47-BFA0-B2B4C18E16A1}.Debug|Any CPU.ActiveCfg = Debug|Any CPU
		{B3C56119-C8D1-4F47-BFA0-B2B4C18E16A1}.Debug|Any CPU.Build.0 = Debug|Any CPU
		{B3C56119-C8D1-4F47-BFA0-B2B4C18E16A1}.Release|Any CPU.ActiveCfg = Release|Any CPU
		{B3C56119-C8D1-4F47-BFA0-B2B4C18E16A1}.Release|Any CPU.Build.0 = Release|Any CPU
	EndGlobalSection
	GlobalSection(SolutionProperties) = preSolution
		HideSolutionNode = FALSE
	EndGlobalSection
	GlobalSection(NestedProjects) = preSolution
		{AAD80DBD-1E6E-4F74-9FE2-617590B5D5BD} = {70E9D3D6-6E1A-4544-8433-2B9058BE0F5F}
		{C908A200-9AB3-416A-8C81-A093BC4D5800} = {6BC728F0-1940-4E13-960A-305ABA80FF4A}
		{754E1F70-F158-426D-9B62-FF238D5AD3C5} = {E7FB03A0-6BE8-449A-A222-AB423EFFD0E1}
		{327A7B9B-AB86-4C8E-AEA5-6EDDBF58F579} = {BA004417-0521-4532-BC7F-5AFC0E7C0D7D}
		{55691DB6-F5FC-4527-9E2F-B48F96FADC78} = {BA004417-0521-4532-BC7F-5AFC0E7C0D7D}
		{6F08CEBA-470B-4B73-9792-956D17E2B532} = {D7434C89-97A0-43DF-9A95-D07A36955EB0}
		{B3C56119-C8D1-4F47-BFA0-B2B4C18E16A1} = {B77C8A11-7913-44AD-834D-5C137013F050}
	EndGlobalSection
EndGlobal
